<?xml version="1.0" encoding="utf-8"?>
<Project ToolsVersion="4.0" xmlns="http://schemas.microsoft.com/developer/msbuild/2003">
  <ItemGroup>
    <Filter Include="Source Files">
      <UniqueIdentifier>{1b641488-0cd9-449a-9812-3782ee9d4066}</UniqueIdentifier>
    </Filter>
    <Filter Include="Source Files\App">
      <UniqueIdentifier>{edccbc94-5792-433f-bbf2-8a596ff9e3d1}</UniqueIdentifier>
    </Filter>
    <Filter Include="Source Files\Window">
      <UniqueIdentifier>{ea3f898c-4a47-479c-826b-7cd3b5e36132}</UniqueIdentifier>
    </Filter>
    <Filter Include="Source Files\Data">
      <UniqueIdentifier>{405bc02a-cb39-4878-8f06-9b839dbb29fb}</UniqueIdentifier>
    </Filter>
  </ItemGroup>
  <ItemGroup>
    <ClInclude Include="src\Paracka.h">
      <Filter>Source Files\App</Filter>
    </ClInclude>
    <ClInclude Include="src\MainWindow.h">
      <Filter>Source Files\Window</Filter>
    </ClInclude>
    <ClInclude Include="src\id.h">
      <Filter>Source Files</Filter>
    </ClInclude>
    <ClInclude Include="src\main.h">
      <Filter>Source Files</Filter>
    </ClInclude>
    <ClInclude Include="src\RndTable.h">
      <Filter>Source Files\Data</Filter>
    </ClInclude>
    <ClInclude Include="src\Record.h">
      <Filter>Source Files\Data</Filter>
    </ClInclude>
    <ClInclude Include="src\RecordList.h">
      <Filter>Source Files\Data</Filter>
    </ClInclude>
    <ClInclude Include="src\RecordVisitor.h">
      <Filter>Source Files\Data</Filter>
    </ClInclude>
    <ClInclude Include="src\ClearStates.h">
      <Filter>Source Files\Data</Filter>
    </ClInclude>
  </ItemGroup>
  <ItemGroup>
    <ClCompile Include="src\Paracka.cpp">
      <Filter>Source Files\App</Filter>
    </ClCompile>
    <ClCompile Include="src\MainWindow.cpp">
      <Filter>Source Files\Window</Filter>
    </ClCompile>
    <ClCompile Include="src\main.cpp">
      <Filter>Source Files</Filter>
    </ClCompile>
    <ClCompile Include="src\Record.cpp">
      <Filter>Source Files\Data</Filter>
    </ClCompile>
    <ClCompile Include="src\RecordList.cpp">
      <Filter>Source Files\Data</Filter>
    </ClCompile>
    <ClCompile Include="src\RecordVisitor.cpp">
      <Filter>Source Files\Data</Filter>
    </ClCompile>
    <ClCompile Include="src\RndTable.cpp">
      <Filter>Source Files\Data</Filter>
    </ClCompile>
    <ClCompile Include="src\ClearStates.cpp">
      <Filter>Source Files\Data</Filter>
    </ClCompile>
  </ItemGroup>
  <ItemGroup>
    <None Include="res\main.ico" />
    <None Include="packages.config" />
  </ItemGroup>
  <ItemGroup>
    <ResourceCompile Include="src\Paracka.rc">
      <Filter>Source Files</Filter>
    </ResourceCompile>
  </ItemGroup>
</Project>