<?xml version="1.0" encoding="utf-8"?>
<Project ToolsVersion="4.0" xmlns="http://schemas.microsoft.com/developer/msbuild/2003">
  <ItemGroup>
    <Filter Include="Source Files">
      <UniqueIdentifier>{1b641488-0cd9-449a-9812-3782ee9d4066}</UniqueIdentifier>
    </Filter>
    <Filter Include="Source Files\App">
      <UniqueIdentifier>{edccbc94-5792-433f-bbf2-8a596ff9e3d1}</UniqueIdentifier>
    </Filter>
    <Filter Include="Source Files\Window">
      <UniqueIdentifier>{ea3f898c-4a47-479c-826b-7cd3b5e36132}</UniqueIdentifier>
    </Filter>
    <Filter Include="New Files">
      <UniqueIdentifier>{5c50b23e-3731-47bf-9b66-2deec9a3d0a7}</UniqueIdentifier>
      <Extensions>cpp;c;cxx;rc;def;r;odl;idl;hpj;bat;h;hpp;hxx;hm;inl</Extensions>
    </Filter>
  </ItemGroup>
  <ItemGroup>
    <ClInclude Include="id.h">
      <Filter>Source Files</Filter>
    </ClInclude>
    <ClInclude Include="main.h">
      <Filter>Source Files</Filter>
    </ClInclude>
    <ClInclude Include="QesData.h">
      <Filter>Source Files</Filter>
    </ClInclude>
    <ClInclude Include="RndTable.h">
      <Filter>Source Files</Filter>
    </ClInclude>
    <ClInclude Include="Paracka.h">
      <Filter>Source Files\App</Filter>
    </ClInclude>
    <ClInclude Include="MainWindow.h">
      <Filter>Source Files\Window</Filter>
    </ClInclude>
  </ItemGroup>
  <ItemGroup>
    <ClCompile Include="main.cpp">
      <Filter>Source Files</Filter>
    </ClCompile>
    <ClCompile Include="QesData.cpp">
      <Filter>Source Files</Filter>
    </ClCompile>
    <ClCompile Include="RndTable.cpp">
      <Filter>Source Files</Filter>
    </ClCompile>
    <ClCompile Include="Paracka.cpp">
      <Filter>Source Files\App</Filter>
    </ClCompile>
    <ClCompile Include="MainWindow.cpp">
      <Filter>Source Files\Window</Filter>
    </ClCompile>
  </ItemGroup>
  <ItemGroup>
    <ResourceCompile Include="Paracka.rc">
      <Filter>Source Files</Filter>
    </ResourceCompile>
  </ItemGroup>
  <ItemGroup>
    <None Include="main.ico" />
  </ItemGroup>
</Project>